
Microsoft Visual Studio Solution File, Format Version 12.00
# Visual Studio Version 17
VisualStudioVersion = 17.5.33516.290
MinimumVisualStudioVersion = 10.0.40219.1
Project("{FAE04EC0-301F-11D3-BF4B-00C04F79EFBC}") = "TestParser", "TestParser\TestParser.csproj", "{32EEA30F-56C1-433A-A702-42507FD8EC66}"
EndProject
Global
	GlobalSection(SolutionConfigurationPlatforms) = preSolution
		Debug|Any CPU = Debug|Any CPU
		Release|Any CPU = Release|Any CPU
	EndGlobalSection
	GlobalSection(ProjectConfigurationPlatforms) = postSolution
		{32EEA30F-56C1-433A-A702-42507FD8EC66}.Debug|Any CPU.ActiveCfg = Debug|Any CPU
		{32EEA30F-56C1-433A-A702-42507FD8EC66}.Debug|Any CPU.Build.0 = Debug|Any CPU
		{32EEA30F-56C1-433A-A702-42507FD8EC66}.Release|Any CPU.ActiveCfg = Release|Any CPU
		{32EEA30F-56C1-433A-A702-42507FD8EC66}.Release|Any CPU.Build.0 = Release|Any CPU
	EndGlobalSection
	GlobalSection(SolutionProperties) = preSolution
		HideSolutionNode = FALSE
	EndGlobalSection
	GlobalSection(ExtensibilityGlobals) = postSolution
		SolutionGuid = {6A043FD0-E34C-4D7B-A18A-C794BE784DA5}
	EndGlobalSection
EndGlobal
